// !$*UTF8*$!
{
	archiveVersion = 1;
	classes = {
	};
	objectVersion = 46;
	objects = {

/* Begin PBXBuildFile section */
		3F8A064295631EC9750A37C6 /* libPods-MyTabBarApp.a in Frameworks */ = {isa = PBXBuildFile; fileRef = 3A4ABAF8EB138CE1871A590A /* libPods-MyTabBarApp.a */; };
		A62A2F861C0009AC00314794 /* DetailViewController.swift in Sources */ = {isa = PBXBuildFile; fileRef = A62A2F851C0009AC00314794 /* DetailViewController.swift */; };
		A661E96B1C036CFD00062AA0 /* SampleTableViewController.swift in Sources */ = {isa = PBXBuildFile; fileRef = A661E96A1C036CFD00062AA0 /* SampleTableViewController.swift */; };
		A699DC7B1C03A91200C0BACD /* ItemListViewController.swift in Sources */ = {isa = PBXBuildFile; fileRef = A699DC7A1C03A91200C0BACD /* ItemListViewController.swift */; };
		A699DC7D1C03A93500C0BACD /* ItemDetailViewController.swift in Sources */ = {isa = PBXBuildFile; fileRef = A699DC7C1C03A93500C0BACD /* ItemDetailViewController.swift */; };
		A699DC811C03C46C00C0BACD /* PlayersViewController.swift in Sources */ = {isa = PBXBuildFile; fileRef = A699DC7E1C03C46C00C0BACD /* PlayersViewController.swift */; };
		A699DC821C03C46C00C0BACD /* PlayerCell.swift in Sources */ = {isa = PBXBuildFile; fileRef = A699DC7F1C03C46C00C0BACD /* PlayerCell.swift */; };
		A699DC831C03C46C00C0BACD /* PlayerDetailsViewController.swift in Sources */ = {isa = PBXBuildFile; fileRef = A699DC801C03C46C00C0BACD /* PlayerDetailsViewController.swift */; };
		A699DC861C03C48400C0BACD /* Player.swift in Sources */ = {isa = PBXBuildFile; fileRef = A699DC851C03C48400C0BACD /* Player.swift */; };
		A6C4304B1BFA25C80047E5DB /* LoginViewController.swift in Sources */ = {isa = PBXBuildFile; fileRef = A6C430491BFA25C80047E5DB /* LoginViewController.swift */; };
		A6C4304C1BFA25C80047E5DB /* SignUpViewController.swift in Sources */ = {isa = PBXBuildFile; fileRef = A6C4304A1BFA25C80047E5DB /* SignUpViewController.swift */; };
		A6C4304E1BFA273D0047E5DB /* Podfile in Resources */ = {isa = PBXBuildFile; fileRef = A6C4304D1BFA273D0047E5DB /* Podfile */; };
		A6C430511BFA299E0047E5DB /* Pacifico.ttf in Resources */ = {isa = PBXBuildFile; fileRef = A6C430501BFA299E0047E5DB /* Pacifico.ttf */; };
		A6C430531BFA2A7B0047E5DB /* WelcomeViewController.swift in Sources */ = {isa = PBXBuildFile; fileRef = A6C430521BFA2A7B0047E5DB /* WelcomeViewController.swift */; };
		A6C430551BFA35920047E5DB /* TabBarViewController.swift in Sources */ = {isa = PBXBuildFile; fileRef = A6C430541BFA35920047E5DB /* TabBarViewController.swift */; };
		A6C430571BFA3E7E0047E5DB /* AppIntroViewController.swift in Sources */ = {isa = PBXBuildFile; fileRef = A6C430561BFA3E7E0047E5DB /* AppIntroViewController.swift */; };
		A6C430591BFB8E7D0047E5DB /* ItemCell.swift in Sources */ = {isa = PBXBuildFile; fileRef = A6C430581BFB8E7D0047E5DB /* ItemCell.swift */; };
		A6C4305B1BFB8ED50047E5DB /* Item.swift in Sources */ = {isa = PBXBuildFile; fileRef = A6C4305A1BFB8ED50047E5DB /* Item.swift */; };
		A6C430601BFB9E5A0047E5DB /* CategoryPickerViewController.swift in Sources */ = {isa = PBXBuildFile; fileRef = A6C4305F1BFB9E5A0047E5DB /* CategoryPickerViewController.swift */; };
		A6C430621BFBA0890047E5DB /* MasterViewController.swift in Sources */ = {isa = PBXBuildFile; fileRef = A6C430611BFBA0890047E5DB /* MasterViewController.swift */; };
		A6C430641BFBA15B0047E5DB /* SampleData.swift in Sources */ = {isa = PBXBuildFile; fileRef = A6C430631BFBA15B0047E5DB /* SampleData.swift */; };
		A6D9C5A61BF9739E00733741 /* AppDelegate.swift in Sources */ = {isa = PBXBuildFile; fileRef = A6D9C5A51BF9739E00733741 /* AppDelegate.swift */; };
		A6D9C5A81BF9739E00733741 /* MoreViewController.swift in Sources */ = {isa = PBXBuildFile; fileRef = A6D9C5A71BF9739E00733741 /* MoreViewController.swift */; };
		A6D9C5AA1BF9739E00733741 /* SecondViewController.swift in Sources */ = {isa = PBXBuildFile; fileRef = A6D9C5A91BF9739E00733741 /* SecondViewController.swift */; };
		A6D9C5AD1BF9739E00733741 /* Main.storyboard in Resources */ = {isa = PBXBuildFile; fileRef = A6D9C5AB1BF9739E00733741 /* Main.storyboard */; };
		A6D9C5AF1BF9739E00733741 /* Assets.xcassets in Resources */ = {isa = PBXBuildFile; fileRef = A6D9C5AE1BF9739E00733741 /* Assets.xcassets */; };
		A6D9C5B21BF9739E00733741 /* LaunchScreen.storyboard in Resources */ = {isa = PBXBuildFile; fileRef = A6D9C5B01BF9739E00733741 /* LaunchScreen.storyboard */; };
		A6D9C5BD1BF9739E00733741 /* MyTabBarAppTests.swift in Sources */ = {isa = PBXBuildFile; fileRef = A6D9C5BC1BF9739E00733741 /* MyTabBarAppTests.swift */; };
		A6D9C5C81BF9739E00733741 /* MyTabBarAppUITests.swift in Sources */ = {isa = PBXBuildFile; fileRef = A6D9C5C71BF9739E00733741 /* MyTabBarAppUITests.swift */; };
		A6D9C5D61BF9740600733741 /* ViewController.swift in Sources */ = {isa = PBXBuildFile; fileRef = A6D9C5D51BF9740600733741 /* ViewController.swift */; };
		A6D9C5D81BF9768600733741 /* ListViewController.swift in Sources */ = {isa = PBXBuildFile; fileRef = A6D9C5D71BF9768600733741 /* ListViewController.swift */; };
/* End PBXBuildFile section */

/* Begin PBXContainerItemProxy section */
		A6D9C5B91BF9739E00733741 /* PBXContainerItemProxy */ = {
			isa = PBXContainerItemProxy;
			containerPortal = A6D9C59A1BF9739E00733741 /* Project object */;
			proxyType = 1;
			remoteGlobalIDString = A6D9C5A11BF9739E00733741;
			remoteInfo = MyTabBarApp;
		};
		A6D9C5C41BF9739E00733741 /* PBXContainerItemProxy */ = {
			isa = PBXContainerItemProxy;
			containerPortal = A6D9C59A1BF9739E00733741 /* Project object */;
			proxyType = 1;
			remoteGlobalIDString = A6D9C5A11BF9739E00733741;
			remoteInfo = MyTabBarApp;
		};
/* End PBXContainerItemProxy section */

/* Begin PBXFileReference section */
		3A4ABAF8EB138CE1871A590A /* libPods-MyTabBarApp.a */ = {isa = PBXFileReference; explicitFileType = archive.ar; includeInIndex = 0; path = "libPods-MyTabBarApp.a"; sourceTree = BUILT_PRODUCTS_DIR; };
		406C4755F851F3B8A28A9A51 /* Pods-MyTabBarApp.release.xcconfig */ = {isa = PBXFileReference; includeInIndex = 1; lastKnownFileType = text.xcconfig; name = "Pods-MyTabBarApp.release.xcconfig"; path = "Pods/Target Support Files/Pods-MyTabBarApp/Pods-MyTabBarApp.release.xcconfig"; sourceTree = "<group>"; };
		5852D0919F9DD5B38FE76564 /* Pods-MyTabBarApp.debug.xcconfig */ = {isa = PBXFileReference; includeInIndex = 1; lastKnownFileType = text.xcconfig; name = "Pods-MyTabBarApp.debug.xcconfig"; path = "Pods/Target Support Files/Pods-MyTabBarApp/Pods-MyTabBarApp.debug.xcconfig"; sourceTree = "<group>"; };
		A62A2F851C0009AC00314794 /* DetailViewController.swift */ = {isa = PBXFileReference; fileEncoding = 4; lastKnownFileType = sourcecode.swift; path = DetailViewController.swift; sourceTree = "<group>"; };
		A661E96A1C036CFD00062AA0 /* SampleTableViewController.swift */ = {isa = PBXFileReference; fileEncoding = 4; lastKnownFileType = sourcecode.swift; path = SampleTableViewController.swift; sourceTree = "<group>"; };
		A699DC7A1C03A91200C0BACD /* ItemListViewController.swift */ = {isa = PBXFileReference; fileEncoding = 4; lastKnownFileType = sourcecode.swift; path = ItemListViewController.swift; sourceTree = "<group>"; };
		A699DC7C1C03A93500C0BACD /* ItemDetailViewController.swift */ = {isa = PBXFileReference; fileEncoding = 4; lastKnownFileType = sourcecode.swift; path = ItemDetailViewController.swift; sourceTree = "<group>"; };
		A699DC7E1C03C46C00C0BACD /* PlayersViewController.swift */ = {isa = PBXFileReference; fileEncoding = 4; lastKnownFileType = sourcecode.swift; path = PlayersViewController.swift; sourceTree = "<group>"; };
		A699DC7F1C03C46C00C0BACD /* PlayerCell.swift */ = {isa = PBXFileReference; fileEncoding = 4; lastKnownFileType = sourcecode.swift; path = PlayerCell.swift; sourceTree = "<group>"; };
		A699DC801C03C46C00C0BACD /* PlayerDetailsViewController.swift */ = {isa = PBXFileReference; fileEncoding = 4; lastKnownFileType = sourcecode.swift; path = PlayerDetailsViewController.swift; sourceTree = "<group>"; };
		A699DC851C03C48400C0BACD /* Player.swift */ = {isa = PBXFileReference; fileEncoding = 4; lastKnownFileType = sourcecode.swift; path = Player.swift; sourceTree = "<group>"; };
		A6C430491BFA25C80047E5DB /* LoginViewController.swift */ = {isa = PBXFileReference; fileEncoding = 4; lastKnownFileType = sourcecode.swift; path = LoginViewController.swift; sourceTree = "<group>"; };
		A6C4304A1BFA25C80047E5DB /* SignUpViewController.swift */ = {isa = PBXFileReference; fileEncoding = 4; lastKnownFileType = sourcecode.swift; path = SignUpViewController.swift; sourceTree = "<group>"; };
		A6C4304D1BFA273D0047E5DB /* Podfile */ = {isa = PBXFileReference; fileEncoding = 4; lastKnownFileType = text; path = Podfile; sourceTree = "<group>"; };
		A6C4304F1BFA29270047E5DB /* MyTabBarApp-Bridging-Header.h */ = {isa = PBXFileReference; fileEncoding = 4; lastKnownFileType = sourcecode.c.h; name = "MyTabBarApp-Bridging-Header.h"; path = "../MyTabBarApp-Bridging-Header.h"; sourceTree = "<group>"; };
		A6C430501BFA299E0047E5DB /* Pacifico.ttf */ = {isa = PBXFileReference; lastKnownFileType = file; path = Pacifico.ttf; sourceTree = "<group>"; };
		A6C430521BFA2A7B0047E5DB /* WelcomeViewController.swift */ = {isa = PBXFileReference; fileEncoding = 4; lastKnownFileType = sourcecode.swift; path = WelcomeViewController.swift; sourceTree = "<group>"; };
		A6C430541BFA35920047E5DB /* TabBarViewController.swift */ = {isa = PBXFileReference; fileEncoding = 4; lastKnownFileType = sourcecode.swift; path = TabBarViewController.swift; sourceTree = "<group>"; };
		A6C430561BFA3E7E0047E5DB /* AppIntroViewController.swift */ = {isa = PBXFileReference; fileEncoding = 4; lastKnownFileType = sourcecode.swift; path = AppIntroViewController.swift; sourceTree = "<group>"; };
		A6C430581BFB8E7D0047E5DB /* ItemCell.swift */ = {isa = PBXFileReference; fileEncoding = 4; lastKnownFileType = sourcecode.swift; path = ItemCell.swift; sourceTree = "<group>"; };
		A6C4305A1BFB8ED50047E5DB /* Item.swift */ = {isa = PBXFileReference; fileEncoding = 4; lastKnownFileType = sourcecode.swift; path = Item.swift; sourceTree = "<group>"; };
		A6C4305F1BFB9E5A0047E5DB /* CategoryPickerViewController.swift */ = {isa = PBXFileReference; fileEncoding = 4; lastKnownFileType = sourcecode.swift; path = CategoryPickerViewController.swift; sourceTree = "<group>"; };
		A6C430611BFBA0890047E5DB /* MasterViewController.swift */ = {isa = PBXFileReference; fileEncoding = 4; lastKnownFileType = sourcecode.swift; path = MasterViewController.swift; sourceTree = "<group>"; };
		A6C430631BFBA15B0047E5DB /* SampleData.swift */ = {isa = PBXFileReference; fileEncoding = 4; lastKnownFileType = sourcecode.swift; path = SampleData.swift; sourceTree = "<group>"; };
		A6D9C5A21BF9739E00733741 /* MyTabBarApp.app */ = {isa = PBXFileReference; explicitFileType = wrapper.application; includeInIndex = 0; path = MyTabBarApp.app; sourceTree = BUILT_PRODUCTS_DIR; };
		A6D9C5A51BF9739E00733741 /* AppDelegate.swift */ = {isa = PBXFileReference; lastKnownFileType = sourcecode.swift; path = AppDelegate.swift; sourceTree = "<group>"; };
		A6D9C5A71BF9739E00733741 /* MoreViewController.swift */ = {isa = PBXFileReference; lastKnownFileType = sourcecode.swift; path = MoreViewController.swift; sourceTree = "<group>"; };
		A6D9C5A91BF9739E00733741 /* SecondViewController.swift */ = {isa = PBXFileReference; lastKnownFileType = sourcecode.swift; path = SecondViewController.swift; sourceTree = "<group>"; };
		A6D9C5AC1BF9739E00733741 /* Base */ = {isa = PBXFileReference; lastKnownFileType = file.storyboard; name = Base; path = Base.lproj/Main.storyboard; sourceTree = "<group>"; };
		A6D9C5AE1BF9739E00733741 /* Assets.xcassets */ = {isa = PBXFileReference; lastKnownFileType = folder.assetcatalog; path = Assets.xcassets; sourceTree = "<group>"; };
		A6D9C5B11BF9739E00733741 /* Base */ = {isa = PBXFileReference; lastKnownFileType = file.storyboard; name = Base; path = Base.lproj/LaunchScreen.storyboard; sourceTree = "<group>"; };
		A6D9C5B31BF9739E00733741 /* Info.plist */ = {isa = PBXFileReference; lastKnownFileType = text.plist.xml; path = Info.plist; sourceTree = "<group>"; };
		A6D9C5B81BF9739E00733741 /* MyTabBarAppTests.xctest */ = {isa = PBXFileReference; explicitFileType = wrapper.cfbundle; includeInIndex = 0; path = MyTabBarAppTests.xctest; sourceTree = BUILT_PRODUCTS_DIR; };
		A6D9C5BC1BF9739E00733741 /* MyTabBarAppTests.swift */ = {isa = PBXFileReference; lastKnownFileType = sourcecode.swift; path = MyTabBarAppTests.swift; sourceTree = "<group>"; };
		A6D9C5BE1BF9739E00733741 /* Info.plist */ = {isa = PBXFileReference; lastKnownFileType = text.plist.xml; path = Info.plist; sourceTree = "<group>"; };
		A6D9C5C31BF9739E00733741 /* MyTabBarAppUITests.xctest */ = {isa = PBXFileReference; explicitFileType = wrapper.cfbundle; includeInIndex = 0; path = MyTabBarAppUITests.xctest; sourceTree = BUILT_PRODUCTS_DIR; };
		A6D9C5C71BF9739E00733741 /* MyTabBarAppUITests.swift */ = {isa = PBXFileReference; lastKnownFileType = sourcecode.swift; path = MyTabBarAppUITests.swift; sourceTree = "<group>"; };
		A6D9C5C91BF9739E00733741 /* Info.plist */ = {isa = PBXFileReference; lastKnownFileType = text.plist.xml; path = Info.plist; sourceTree = "<group>"; };
		A6D9C5D51BF9740600733741 /* ViewController.swift */ = {isa = PBXFileReference; fileEncoding = 4; lastKnownFileType = sourcecode.swift; path = ViewController.swift; sourceTree = "<group>"; };
		A6D9C5D71BF9768600733741 /* ListViewController.swift */ = {isa = PBXFileReference; fileEncoding = 4; lastKnownFileType = sourcecode.swift; path = ListViewController.swift; sourceTree = "<group>"; };
/* End PBXFileReference section */

/* Begin PBXFrameworksBuildPhase section */
		A6D9C59F1BF9739E00733741 /* Frameworks */ = {
			isa = PBXFrameworksBuildPhase;
			buildActionMask = 2147483647;
			files = (
				3F8A064295631EC9750A37C6 /* libPods-MyTabBarApp.a in Frameworks */,
			);
			runOnlyForDeploymentPostprocessing = 0;
		};
		A6D9C5B51BF9739E00733741 /* Frameworks */ = {
			isa = PBXFrameworksBuildPhase;
			buildActionMask = 2147483647;
			files = (
			);
			runOnlyForDeploymentPostprocessing = 0;
		};
		A6D9C5C01BF9739E00733741 /* Frameworks */ = {
			isa = PBXFrameworksBuildPhase;
			buildActionMask = 2147483647;
			files = (
			);
			runOnlyForDeploymentPostprocessing = 0;
		};
/* End PBXFrameworksBuildPhase section */

/* Begin PBXGroup section */
		8FBCE91DFFFE7C94E73CA871 /* Frameworks */ = {
			isa = PBXGroup;
			children = (
				3A4ABAF8EB138CE1871A590A /* libPods-MyTabBarApp.a */,
			);
			name = Frameworks;
			sourceTree = "<group>";
		};
		A699DC841C03C47300C0BACD /* Player */ = {
			isa = PBXGroup;
			children = (
				A699DC7E1C03C46C00C0BACD /* PlayersViewController.swift */,
				A699DC7F1C03C46C00C0BACD /* PlayerCell.swift */,
				A699DC801C03C46C00C0BACD /* PlayerDetailsViewController.swift */,
				A6C4305F1BFB9E5A0047E5DB /* CategoryPickerViewController.swift */,
			);
			name = Player;
			sourceTree = "<group>";
		};
		A699DC871C03C50E00C0BACD /* Example */ = {
			isa = PBXGroup;
			children = (
				A6C430611BFBA0890047E5DB /* MasterViewController.swift */,
				A62A2F851C0009AC00314794 /* DetailViewController.swift */,
			);
			name = Example;
			sourceTree = "<group>";
		};
		A6B825F81BFE2A2E00D9EFAF /* Item */ = {
			isa = PBXGroup;
			children = (
				A699DC7A1C03A91200C0BACD /* ItemListViewController.swift */,
				A699DC7C1C03A93500C0BACD /* ItemDetailViewController.swift */,
				A661E96A1C036CFD00062AA0 /* SampleTableViewController.swift */,
			);
			name = Item;
			sourceTree = "<group>";
		};
		A6C4305C1BFB8EDA0047E5DB /* Model */ = {
			isa = PBXGroup;
			children = (
				A699DC851C03C48400C0BACD /* Player.swift */,
				A6C4305A1BFB8ED50047E5DB /* Item.swift */,
				A6C430631BFBA15B0047E5DB /* SampleData.swift */,
			);
			name = Model;
			sourceTree = "<group>";
		};
		A6D9C5991BF9739E00733741 = {
			isa = PBXGroup;
			children = (
				A6D9C5A41BF9739E00733741 /* MyTabBarApp */,
				A6D9C5BB1BF9739E00733741 /* MyTabBarAppTests */,
				A6D9C5C61BF9739E00733741 /* MyTabBarAppUITests */,
				A6D9C5A31BF9739E00733741 /* Products */,
				CD248A916604C0CA4FD91D91 /* Pods */,
				8FBCE91DFFFE7C94E73CA871 /* Frameworks */,
			);
			sourceTree = "<group>";
		};
		A6D9C5A31BF9739E00733741 /* Products */ = {
			isa = PBXGroup;
			children = (
				A6D9C5A21BF9739E00733741 /* MyTabBarApp.app */,
				A6D9C5B81BF9739E00733741 /* MyTabBarAppTests.xctest */,
				A6D9C5C31BF9739E00733741 /* MyTabBarAppUITests.xctest */,
			);
			name = Products;
			sourceTree = "<group>";
		};
		A6D9C5A41BF9739E00733741 /* MyTabBarApp */ = {
			isa = PBXGroup;
			children = (
				A6C4304D1BFA273D0047E5DB /* Podfile */,
				A6C430501BFA299E0047E5DB /* Pacifico.ttf */,
				A6D9C5A51BF9739E00733741 /* AppDelegate.swift */,
				A6C430521BFA2A7B0047E5DB /* WelcomeViewController.swift */,
				A6C430561BFA3E7E0047E5DB /* AppIntroViewController.swift */,
				A6D9C5D71BF9768600733741 /* ListViewController.swift */,
				A6D9C5A71BF9739E00733741 /* MoreViewController.swift */,
				A6D9C5A91BF9739E00733741 /* SecondViewController.swift */,
				A6D9C5D51BF9740600733741 /* ViewController.swift */,
				A6C430491BFA25C80047E5DB /* LoginViewController.swift */,
				A6C4304A1BFA25C80047E5DB /* SignUpViewController.swift */,
				A6C430541BFA35920047E5DB /* TabBarViewController.swift */,
				A6C430581BFB8E7D0047E5DB /* ItemCell.swift */,
				A6C4305C1BFB8EDA0047E5DB /* Model */,
				A6D9C5AB1BF9739E00733741 /* Main.storyboard */,
				A6D9C5AE1BF9739E00733741 /* Assets.xcassets */,
				A6D9C5B01BF9739E00733741 /* LaunchScreen.storyboard */,
				A6D9C5B31BF9739E00733741 /* Info.plist */,
				A6C4304F1BFA29270047E5DB /* MyTabBarApp-Bridging-Header.h */,
				A699DC841C03C47300C0BACD /* Player */,
				A699DC871C03C50E00C0BACD /* Example */,
				A6B825F81BFE2A2E00D9EFAF /* Item */,
			);
			path = MyTabBarApp;
			sourceTree = "<group>";
		};
		A6D9C5BB1BF9739E00733741 /* MyTabBarAppTests */ = {
			isa = PBXGroup;
			children = (
				A6D9C5BC1BF9739E00733741 /* MyTabBarAppTests.swift */,
				A6D9C5BE1BF9739E00733741 /* Info.plist */,
			);
			path = MyTabBarAppTests;
			sourceTree = "<group>";
		};
		A6D9C5C61BF9739E00733741 /* MyTabBarAppUITests */ = {
			isa = PBXGroup;
			children = (
				A6D9C5C71BF9739E00733741 /* MyTabBarAppUITests.swift */,
				A6D9C5C91BF9739E00733741 /* Info.plist */,
			);
			path = MyTabBarAppUITests;
			sourceTree = "<group>";
		};
		CD248A916604C0CA4FD91D91 /* Pods */ = {
			isa = PBXGroup;
			children = (
				5852D0919F9DD5B38FE76564 /* Pods-MyTabBarApp.debug.xcconfig */,
				406C4755F851F3B8A28A9A51 /* Pods-MyTabBarApp.release.xcconfig */,
			);
			name = Pods;
			sourceTree = "<group>";
		};
/* End PBXGroup section */

/* Begin PBXNativeTarget section */
		A6D9C5A11BF9739E00733741 /* MyTabBarApp */ = {
			isa = PBXNativeTarget;
			buildConfigurationList = A6D9C5CC1BF9739E00733741 /* Build configuration list for PBXNativeTarget "MyTabBarApp" */;
			buildPhases = (
				1FED9FEDAEEFE21178302BBC /* Check Pods Manifest.lock */,
				A6D9C59E1BF9739E00733741 /* Sources */,
				A6D9C59F1BF9739E00733741 /* Frameworks */,
				A6D9C5A01BF9739E00733741 /* Resources */,
				1E02C8E5D2AE38D3814ABAF7 /* Embed Pods Frameworks */,
				2A17B0E5E23C8EF7C1D4E80B /* Copy Pods Resources */,
			);
			buildRules = (
			);
			dependencies = (
			);
			name = MyTabBarApp;
			productName = MyTabBarApp;
			productReference = A6D9C5A21BF9739E00733741 /* MyTabBarApp.app */;
			productType = "com.apple.product-type.application";
		};
		A6D9C5B71BF9739E00733741 /* MyTabBarAppTests */ = {
			isa = PBXNativeTarget;
			buildConfigurationList = A6D9C5CF1BF9739E00733741 /* Build configuration list for PBXNativeTarget "MyTabBarAppTests" */;
			buildPhases = (
				A6D9C5B41BF9739E00733741 /* Sources */,
				A6D9C5B51BF9739E00733741 /* Frameworks */,
				A6D9C5B61BF9739E00733741 /* Resources */,
			);
			buildRules = (
			);
			dependencies = (
				A6D9C5BA1BF9739E00733741 /* PBXTargetDependency */,
			);
			name = MyTabBarAppTests;
			productName = MyTabBarAppTests;
			productReference = A6D9C5B81BF9739E00733741 /* MyTabBarAppTests.xctest */;
			productType = "com.apple.product-type.bundle.unit-test";
		};
		A6D9C5C21BF9739E00733741 /* MyTabBarAppUITests */ = {
			isa = PBXNativeTarget;
			buildConfigurationList = A6D9C5D21BF9739E00733741 /* Build configuration list for PBXNativeTarget "MyTabBarAppUITests" */;
			buildPhases = (
				A6D9C5BF1BF9739E00733741 /* Sources */,
				A6D9C5C01BF9739E00733741 /* Frameworks */,
				A6D9C5C11BF9739E00733741 /* Resources */,
			);
			buildRules = (
			);
			dependencies = (
				A6D9C5C51BF9739E00733741 /* PBXTargetDependency */,
			);
			name = MyTabBarAppUITests;
			productName = MyTabBarAppUITests;
			productReference = A6D9C5C31BF9739E00733741 /* MyTabBarAppUITests.xctest */;
			productType = "com.apple.product-type.bundle.ui-testing";
		};
/* End PBXNativeTarget section */

/* Begin PBXProject section */
		A6D9C59A1BF9739E00733741 /* Project object */ = {
			isa = PBXProject;
			attributes = {
				LastSwiftUpdateCheck = 0710;
				LastUpgradeCheck = 0710;
				ORGANIZATIONNAME = "Teklabs, LLC";
				TargetAttributes = {
					A6D9C5A11BF9739E00733741 = {
						CreatedOnToolsVersion = 7.1;
						DevelopmentTeam = V3QESDZJG8;
					};
					A6D9C5B71BF9739E00733741 = {
						CreatedOnToolsVersion = 7.1;
						TestTargetID = A6D9C5A11BF9739E00733741;
					};
					A6D9C5C21BF9739E00733741 = {
						CreatedOnToolsVersion = 7.1;
						TestTargetID = A6D9C5A11BF9739E00733741;
					};
				};
			};
			buildConfigurationList = A6D9C59D1BF9739E00733741 /* Build configuration list for PBXProject "MyTabBarApp" */;
			compatibilityVersion = "Xcode 3.2";
			developmentRegion = English;
			hasScannedForEncodings = 0;
			knownRegions = (
				en,
				Base,
			);
			mainGroup = A6D9C5991BF9739E00733741;
			productRefGroup = A6D9C5A31BF9739E00733741 /* Products */;
			projectDirPath = "";
			projectRoot = "";
			targets = (
				A6D9C5A11BF9739E00733741 /* MyTabBarApp */,
				A6D9C5B71BF9739E00733741 /* MyTabBarAppTests */,
				A6D9C5C21BF9739E00733741 /* MyTabBarAppUITests */,
			);
		};
/* End PBXProject section */

/* Begin PBXResourcesBuildPhase section */
		A6D9C5A01BF9739E00733741 /* Resources */ = {
			isa = PBXResourcesBuildPhase;
			buildActionMask = 2147483647;
			files = (
				A6D9C5B21BF9739E00733741 /* LaunchScreen.storyboard in Resources */,
				A6C430511BFA299E0047E5DB /* Pacifico.ttf in Resources */,
				A6D9C5AF1BF9739E00733741 /* Assets.xcassets in Resources */,
				A6C4304E1BFA273D0047E5DB /* Podfile in Resources */,
				A6D9C5AD1BF9739E00733741 /* Main.storyboard in Resources */,
			);
			runOnlyForDeploymentPostprocessing = 0;
		};
		A6D9C5B61BF9739E00733741 /* Resources */ = {
			isa = PBXResourcesBuildPhase;
			buildActionMask = 2147483647;
			files = (
			);
			runOnlyForDeploymentPostprocessing = 0;
		};
		A6D9C5C11BF9739E00733741 /* Resources */ = {
			isa = PBXResourcesBuildPhase;
			buildActionMask = 2147483647;
			files = (
			);
			runOnlyForDeploymentPostprocessing = 0;
		};
/* End PBXResourcesBuildPhase section */

/* Begin PBXShellScriptBuildPhase section */
		1E02C8E5D2AE38D3814ABAF7 /* Embed Pods Frameworks */ = {
			isa = PBXShellScriptBuildPhase;
			buildActionMask = 2147483647;
			files = (
			);
			inputPaths = (
			);
			name = "Embed Pods Frameworks";
			outputPaths = (
			);
			runOnlyForDeploymentPostprocessing = 0;
			shellPath = /bin/sh;
			shellScript = "\"${SRCROOT}/Pods/Target Support Files/Pods-MyTabBarApp/Pods-MyTabBarApp-frameworks.sh\"\n";
			showEnvVarsInLog = 0;
		};
		1FED9FEDAEEFE21178302BBC /* Check Pods Manifest.lock */ = {
			isa = PBXShellScriptBuildPhase;
			buildActionMask = 2147483647;
			files = (
			);
			inputPaths = (
			);
			name = "Check Pods Manifest.lock";
			outputPaths = (
			);
			runOnlyForDeploymentPostprocessing = 0;
			shellPath = /bin/sh;
			shellScript = "diff \"${PODS_ROOT}/../Podfile.lock\" \"${PODS_ROOT}/Manifest.lock\" > /dev/null\nif [[ $? != 0 ]] ; then\n    cat << EOM\nerror: The sandbox is not in sync with the Podfile.lock. Run 'pod install' or update your CocoaPods installation.\nEOM\n    exit 1\nfi\n";
			showEnvVarsInLog = 0;
		};
		2A17B0E5E23C8EF7C1D4E80B /* Copy Pods Resources */ = {
			isa = PBXShellScriptBuildPhase;
			buildActionMask = 2147483647;
			files = (
			);
			inputPaths = (
			);
			name = "Copy Pods Resources";
			outputPaths = (
			);
			runOnlyForDeploymentPostprocessing = 0;
			shellPath = /bin/sh;
			shellScript = "\"${SRCROOT}/Pods/Target Support Files/Pods-MyTabBarApp/Pods-MyTabBarApp-resources.sh\"\n";
			showEnvVarsInLog = 0;
		};
/* End PBXShellScriptBuildPhase section */

/* Begin PBXSourcesBuildPhase section */
		A6D9C59E1BF9739E00733741 /* Sources */ = {
			isa = PBXSourcesBuildPhase;
			buildActionMask = 2147483647;
			files = (
				A6C4304B1BFA25C80047E5DB /* LoginViewController.swift in Sources */,
				A6C430531BFA2A7B0047E5DB /* WelcomeViewController.swift in Sources */,
				A6C4304C1BFA25C80047E5DB /* SignUpViewController.swift in Sources */,
				A6C430591BFB8E7D0047E5DB /* ItemCell.swift in Sources */,
				A699DC861C03C48400C0BACD /* Player.swift in Sources */,
				A6C4305B1BFB8ED50047E5DB /* Item.swift in Sources */,
				A6D9C5AA1BF9739E00733741 /* SecondViewController.swift in Sources */,
				A6C430551BFA35920047E5DB /* TabBarViewController.swift in Sources */,
				A6C430641BFBA15B0047E5DB /* SampleData.swift in Sources */,
				A6D9C5A61BF9739E00733741 /* AppDelegate.swift in Sources */,
				A699DC821C03C46C00C0BACD /* PlayerCell.swift in Sources */,
				A6D9C5D61BF9740600733741 /* ViewController.swift in Sources */,
				A6C430621BFBA0890047E5DB /* MasterViewController.swift in Sources */,
				A699DC7B1C03A91200C0BACD /* ItemListViewController.swift in Sources */,
				A6C430571BFA3E7E0047E5DB /* AppIntroViewController.swift in Sources */,
				A699DC831C03C46C00C0BACD /* PlayerDetailsViewController.swift in Sources */,
				A699DC811C03C46C00C0BACD /* PlayersViewController.swift in Sources */,
				A62A2F861C0009AC00314794 /* DetailViewController.swift in Sources */,
				A6D9C5D81BF9768600733741 /* ListViewController.swift in Sources */,
				A699DC7D1C03A93500C0BACD /* ItemDetailViewController.swift in Sources */,
				A661E96B1C036CFD00062AA0 /* SampleTableViewController.swift in Sources */,
				A6C430601BFB9E5A0047E5DB /* CategoryPickerViewController.swift in Sources */,
				A6D9C5A81BF9739E00733741 /* MoreViewController.swift in Sources */,
			);
			runOnlyForDeploymentPostprocessing = 0;
		};
		A6D9C5B41BF9739E00733741 /* Sources */ = {
			isa = PBXSourcesBuildPhase;
			buildActionMask = 2147483647;
			files = (
				A6D9C5BD1BF9739E00733741 /* MyTabBarAppTests.swift in Sources */,
			);
			runOnlyForDeploymentPostprocessing = 0;
		};
		A6D9C5BF1BF9739E00733741 /* Sources */ = {
			isa = PBXSourcesBuildPhase;
			buildActionMask = 2147483647;
			files = (
				A6D9C5C81BF9739E00733741 /* MyTabBarAppUITests.swift in Sources */,
			);
			runOnlyForDeploymentPostprocessing = 0;
		};
/* End PBXSourcesBuildPhase section */

/* Begin PBXTargetDependency section */
		A6D9C5BA1BF9739E00733741 /* PBXTargetDependency */ = {
			isa = PBXTargetDependency;
			target = A6D9C5A11BF9739E00733741 /* MyTabBarApp */;
			targetProxy = A6D9C5B91BF9739E00733741 /* PBXContainerItemProxy */;
		};
		A6D9C5C51BF9739E00733741 /* PBXTargetDependency */ = {
			isa = PBXTargetDependency;
			target = A6D9C5A11BF9739E00733741 /* MyTabBarApp */;
			targetProxy = A6D9C5C41BF9739E00733741 /* PBXContainerItemProxy */;
		};
/* End PBXTargetDependency section */

/* Begin PBXVariantGroup section */
		A6D9C5AB1BF9739E00733741 /* Main.storyboard */ = {
			isa = PBXVariantGroup;
			children = (
				A6D9C5AC1BF9739E00733741 /* Base */,
			);
			name = Main.storyboard;
			sourceTree = "<group>";
		};
		A6D9C5B01BF9739E00733741 /* LaunchScreen.storyboard */ = {
			isa = PBXVariantGroup;
			children = (
				A6D9C5B11BF9739E00733741 /* Base */,
			);
			name = LaunchScreen.storyboard;
			sourceTree = "<group>";
		};
/* End PBXVariantGroup section */

/* Begin XCBuildConfiguration section */
		A6D9C5CA1BF9739E00733741 /* Debug */ = {
			isa = XCBuildConfiguration;
			buildSettings = {
				ALWAYS_SEARCH_USER_PATHS = NO;
				CLANG_CXX_LANGUAGE_STANDARD = "gnu++0x";
				CLANG_CXX_LIBRARY = "libc++";
				CLANG_ENABLE_MODULES = YES;
				CLANG_ENABLE_OBJC_ARC = YES;
				CLANG_WARN_BOOL_CONVERSION = YES;
				CLANG_WARN_CONSTANT_CONVERSION = YES;
				CLANG_WARN_DIRECT_OBJC_ISA_USAGE = YES_ERROR;
				CLANG_WARN_EMPTY_BODY = YES;
				CLANG_WARN_ENUM_CONVERSION = YES;
				CLANG_WARN_INT_CONVERSION = YES;
				CLANG_WARN_OBJC_ROOT_CLASS = YES_ERROR;
				CLANG_WARN_UNREACHABLE_CODE = YES;
				CLANG_WARN__DUPLICATE_METHOD_MATCH = YES;
				"CODE_SIGN_IDENTITY[sdk=iphoneos*]" = "iPhone Developer";
				COPY_PHASE_STRIP = NO;
				DEBUG_INFORMATION_FORMAT = dwarf;
				ENABLE_STRICT_OBJC_MSGSEND = YES;
				ENABLE_TESTABILITY = YES;
				GCC_C_LANGUAGE_STANDARD = gnu99;
				GCC_DYNAMIC_NO_PIC = NO;
				GCC_NO_COMMON_BLOCKS = YES;
				GCC_OPTIMIZATION_LEVEL = 0;
				GCC_PREPROCESSOR_DEFINITIONS = (
					"DEBUG=1",
					"$(inherited)",
				);
				GCC_WARN_64_TO_32_BIT_CONVERSION = YES;
				GCC_WARN_ABOUT_RETURN_TYPE = YES_ERROR;
				GCC_WARN_UNDECLARED_SELECTOR = YES;
				GCC_WARN_UNINITIALIZED_AUTOS = YES_AGGRESSIVE;
				GCC_WARN_UNUSED_FUNCTION = YES;
				GCC_WARN_UNUSED_VARIABLE = YES;
				IPHONEOS_DEPLOYMENT_TARGET = 9.1;
				MTL_ENABLE_DEBUG_INFO = YES;
				ONLY_ACTIVE_ARCH = YES;
				SDKROOT = iphoneos;
				SWIFT_OPTIMIZATION_LEVEL = "-Onone";
			};
			name = Debug;
		};
		A6D9C5CB1BF9739E00733741 /* Release */ = {
			isa = XCBuildConfiguration;
			buildSettings = {
				ALWAYS_SEARCH_USER_PATHS = NO;
				CLANG_CXX_LANGUAGE_STANDARD = "gnu++0x";
				CLANG_CXX_LIBRARY = "libc++";
				CLANG_ENABLE_MODULES = YES;
				CLANG_ENABLE_OBJC_ARC = YES;
				CLANG_WARN_BOOL_CONVERSION = YES;
				CLANG_WARN_CONSTANT_CONVERSION = YES;
				CLANG_WARN_DIRECT_OBJC_ISA_USAGE = YES_ERROR;
				CLANG_WARN_EMPTY_BODY = YES;
				CLANG_WARN_ENUM_CONVERSION = YES;
				CLANG_WARN_INT_CONVERSION = YES;
				CLANG_WARN_OBJC_ROOT_CLASS = YES_ERROR;
				CLANG_WARN_UNREACHABLE_CODE = YES;
				CLANG_WARN__DUPLICATE_METHOD_MATCH = YES;
				"CODE_SIGN_IDENTITY[sdk=iphoneos*]" = "iPhone Developer";
				COPY_PHASE_STRIP = NO;
				DEBUG_INFORMATION_FORMAT = "dwarf-with-dsym";
				ENABLE_NS_ASSERTIONS = NO;
				ENABLE_STRICT_OBJC_MSGSEND = YES;
				GCC_C_LANGUAGE_STANDARD = gnu99;
				GCC_NO_COMMON_BLOCKS = YES;
				GCC_WARN_64_TO_32_BIT_CONVERSION = YES;
				GCC_WARN_ABOUT_RETURN_TYPE = YES_ERROR;
				GCC_WARN_UNDECLARED_SELECTOR = YES;
				GCC_WARN_UNINITIALIZED_AUTOS = YES_AGGRESSIVE;
				GCC_WARN_UNUSED_FUNCTION = YES;
				GCC_WARN_UNUSED_VARIABLE = YES;
				IPHONEOS_DEPLOYMENT_TARGET = 9.1;
				MTL_ENABLE_DEBUG_INFO = NO;
				SDKROOT = iphoneos;
				VALIDATE_PRODUCT = YES;
			};
			name = Release;
		};
		A6D9C5CD1BF9739E00733741 /* Debug */ = {
			isa = XCBuildConfiguration;
			baseConfigurationReference = 5852D0919F9DD5B38FE76564 /* Pods-MyTabBarApp.debug.xcconfig */;
			buildSettings = {
				ASSETCATALOG_COMPILER_APPICON_NAME = AppIcon;
				CODE_SIGN_IDENTITY = "iPhone Developer";
				INFOPLIST_FILE = MyTabBarApp/Info.plist;
				LD_RUNPATH_SEARCH_PATHS = "$(inherited) @executable_path/Frameworks";
				PRODUCT_BUNDLE_IDENTIFIER = com.teklabsco.MyTabBarApp;
				PRODUCT_NAME = "$(TARGET_NAME)";
				SWIFT_OBJC_BRIDGING_HEADER = "$(SWIFT_MODULE_NAME)-Bridging-Header.h";
				SWIFT_OBJC_INTERFACE_HEADER_NAME = "$(SWIFT_MODULE_NAME)-Bridging-Header.h";
			};
			name = Debug;
		};
		A6D9C5CE1BF9739E00733741 /* Release */ = {
			isa = XCBuildConfiguration;
			baseConfigurationReference = 406C4755F851F3B8A28A9A51 /* Pods-MyTabBarApp.release.xcconfig */;
			buildSettings = {
				ASSETCATALOG_COMPILER_APPICON_NAME = AppIcon;
				CODE_SIGN_IDENTITY = "iPhone Developer";
				INFOPLIST_FILE = MyTabBarApp/Info.plist;
				LD_RUNPATH_SEARCH_PATHS = "$(inherited) @executable_path/Frameworks";
				PRODUCT_BUNDLE_IDENTIFIER = com.teklabsco.MyTabBarApp;
				PRODUCT_NAME = "$(TARGET_NAME)";
				SWIFT_OBJC_BRIDGING_HEADER = "$(SWIFT_MODULE_NAME)-Bridging-Header.h";
				SWIFT_OBJC_INTERFACE_HEADER_NAME = "$(SWIFT_MODULE_NAME)-Bridging-Header.h";
			};
			name = Release;
		};
		A6D9C5D01BF9739E00733741 /* Debug */ = {
			isa = XCBuildConfiguration;
			buildSettings = {
				BUNDLE_LOADER = "$(TEST_HOST)";
				INFOPLIST_FILE = MyTabBarAppTests/Info.plist;
				LD_RUNPATH_SEARCH_PATHS = "$(inherited) @executable_path/Frameworks @loader_path/Frameworks";
				PRODUCT_BUNDLE_IDENTIFIER = com.teklabsco.MyTabBarAppTests;
				PRODUCT_NAME = "$(TARGET_NAME)";
				TEST_HOST = "$(BUILT_PRODUCTS_DIR)/MyTabBarApp.app/MyTabBarApp";
			};
			name = Debug;
		};
		A6D9C5D11BF9739E00733741 /* Release */ = {
			isa = XCBuildConfiguration;
			buildSettings = {
				BUNDLE_LOADER = "$(TEST_HOST)";
				INFOPLIST_FILE = MyTabBarAppTests/Info.plist;
				LD_RUNPATH_SEARCH_PATHS = "$(inherited) @executable_path/Frameworks @loader_path/Frameworks";
				PRODUCT_BUNDLE_IDENTIFIER = com.teklabsco.MyTabBarAppTests;
				PRODUCT_NAME = "$(TARGET_NAME)";
				TEST_HOST = "$(BUILT_PRODUCTS_DIR)/MyTabBarApp.app/MyTabBarApp";
			};
			name = Release;
		};
		A6D9C5D31BF9739E00733741 /* Debug */ = {
			isa = XCBuildConfiguration;
			buildSettings = {
				INFOPLIST_FILE = MyTabBarAppUITests/Info.plist;
				LD_RUNPATH_SEARCH_PATHS = "$(inherited) @executable_path/Frameworks @loader_path/Frameworks";
				PRODUCT_BUNDLE_IDENTIFIER = com.teklabsco.MyTabBarAppUITests;
				PRODUCT_NAME = "$(TARGET_NAME)";
				TEST_TARGET_NAME = MyTabBarApp;
				USES_XCTRUNNER = YES;
			};
			name = Debug;
		};
		A6D9C5D41BF9739E00733741 /* Release */ = {
			isa = XCBuildConfiguration;
			buildSettings = {
				INFOPLIST_FILE = MyTabBarAppUITests/Info.plist;
				LD_RUNPATH_SEARCH_PATHS = "$(inherited) @executable_path/Frameworks @loader_path/Frameworks";
				PRODUCT_BUNDLE_IDENTIFIER = com.teklabsco.MyTabBarAppUITests;
				PRODUCT_NAME = "$(TARGET_NAME)";
				TEST_TARGET_NAME = MyTabBarApp;
				USES_XCTRUNNER = YES;
			};
			name = Release;
		};
/* End XCBuildConfiguration section */

/* Begin XCConfigurationList section */
		A6D9C59D1BF9739E00733741 /* Build configuration list for PBXProject "MyTabBarApp" */ = {
			isa = XCConfigurationList;
			buildConfigurations = (
				A6D9C5CA1BF9739E00733741 /* Debug */,
				A6D9C5CB1BF9739E00733741 /* Release */,
			);
			defaultConfigurationIsVisible = 0;
			defaultConfigurationName = Release;
		};
		A6D9C5CC1BF9739E00733741 /* Build configuration list for PBXNativeTarget "MyTabBarApp" */ = {
			isa = XCConfigurationList;
			buildConfigurations = (
				A6D9C5CD1BF9739E00733741 /* Debug */,
				A6D9C5CE1BF9739E00733741 /* Release */,
			);
			defaultConfigurationIsVisible = 0;
			defaultConfigurationName = Release;
		};
		A6D9C5CF1BF9739E00733741 /* Build configuration list for PBXNativeTarget "MyTabBarAppTests" */ = {
			isa = XCConfigurationList;
			buildConfigurations = (
				A6D9C5D01BF9739E00733741 /* Debug */,
				A6D9C5D11BF9739E00733741 /* Release */,
			);
			defaultConfigurationIsVisible = 0;
			defaultConfigurationName = Release;
		};
		A6D9C5D21BF9739E00733741 /* Build configuration list for PBXNativeTarget "MyTabBarAppUITests" */ = {
			isa = XCConfigurationList;
			buildConfigurations = (
				A6D9C5D31BF9739E00733741 /* Debug */,
				A6D9C5D41BF9739E00733741 /* Release */,
			);
			defaultConfigurationIsVisible = 0;
			defaultConfigurationName = Release;
		};
/* End XCConfigurationList section */
	};
	rootObject = A6D9C59A1BF9739E00733741 /* Project object */;
}
